// !$*UTF8*$!
{
	archiveVersion = 1;
	classes = {
	};
	objectVersion = 55;
	objects = {

/* Begin PBXBuildFile section */
		587F44B356959D923BB20274 /* Pods_TestCarGo.framework in Frameworks */ = {isa = PBXBuildFile; fileRef = 5A9AACCE9DFA020ECE911614 /* Pods_TestCarGo.framework */; };
		612B7FFE2792FB8300043F02 /* PostsM.swift in Sources */ = {isa = PBXBuildFile; fileRef = 612B7FFD2792FB8300043F02 /* PostsM.swift */; };
		6143F2212791921800C1A7C3 /* AppDelegate.swift in Sources */ = {isa = PBXBuildFile; fileRef = 6143F2202791921800C1A7C3 /* AppDelegate.swift */; };
		6143F2232791921800C1A7C3 /* SceneDelegate.swift in Sources */ = {isa = PBXBuildFile; fileRef = 6143F2222791921800C1A7C3 /* SceneDelegate.swift */; };
		6143F2282791921800C1A7C3 /* Main.storyboard in Resources */ = {isa = PBXBuildFile; fileRef = 6143F2262791921800C1A7C3 /* Main.storyboard */; };
		6143F22A2791921C00C1A7C3 /* Assets.xcassets in Resources */ = {isa = PBXBuildFile; fileRef = 6143F2292791921C00C1A7C3 /* Assets.xcassets */; };
		6143F22D2791921C00C1A7C3 /* LaunchScreen.storyboard in Resources */ = {isa = PBXBuildFile; fileRef = 6143F22B2791921C00C1A7C3 /* LaunchScreen.storyboard */; };
		6143F2832791986C00C1A7C3 /* LeimoLocalization.swift in Sources */ = {isa = PBXBuildFile; fileRef = 6143F2352791986B00C1A7C3 /* LeimoLocalization.swift */; };
		6143F2842791986C00C1A7C3 /* Reachability.swift in Sources */ = {isa = PBXBuildFile; fileRef = 6143F2372791986B00C1A7C3 /* Reachability.swift */; };
		6143F2852791986C00C1A7C3 /* GlobalVariablesManager.swift in Sources */ = {isa = PBXBuildFile; fileRef = 6143F2382791986B00C1A7C3 /* GlobalVariablesManager.swift */; };
		6143F28D2791986C00C1A7C3 /* Designable.swift in Sources */ = {isa = PBXBuildFile; fileRef = 6143F2412791986B00C1A7C3 /* Designable.swift */; };
		6143F2A42791986C00C1A7C3 /* CustomTabViewController.swift in Sources */ = {isa = PBXBuildFile; fileRef = 6143F25C2791986B00C1A7C3 /* CustomTabViewController.swift */; };
		6143F2A52791986C00C1A7C3 /* LeimoCustomTabBar.swift in Sources */ = {isa = PBXBuildFile; fileRef = 6143F25D2791986B00C1A7C3 /* LeimoCustomTabBar.swift */; };
		6143F2A62791986C00C1A7C3 /* STTabbar.swift in Sources */ = {isa = PBXBuildFile; fileRef = 6143F25E2791986B00C1A7C3 /* STTabbar.swift */; };
		6143F2AA2791986C00C1A7C3 /* LeimoNavigationInViewControllerExtenstion.swift in Sources */ = {isa = PBXBuildFile; fileRef = 6143F2642791986B00C1A7C3 /* LeimoNavigationInViewControllerExtenstion.swift */; };
		6143F2AB2791986C00C1A7C3 /* LeimoNavigationBar.swift in Sources */ = {isa = PBXBuildFile; fileRef = 6143F2652791986B00C1A7C3 /* LeimoNavigationBar.swift */; };
		6143F2AC2791986C00C1A7C3 /* TextFiledExtension.swift in Sources */ = {isa = PBXBuildFile; fileRef = 6143F2672791986B00C1A7C3 /* TextFiledExtension.swift */; };
		6143F2AD2791986C00C1A7C3 /* DoubleExtenstion.swift in Sources */ = {isa = PBXBuildFile; fileRef = 6143F2682791986B00C1A7C3 /* DoubleExtenstion.swift */; };
		6143F2AE2791986C00C1A7C3 /* LiemoExtensions.swift in Sources */ = {isa = PBXBuildFile; fileRef = 6143F2692791986B00C1A7C3 /* LiemoExtensions.swift */; };
		6143F2AF2791986C00C1A7C3 /* ViewControllerExtension.swift in Sources */ = {isa = PBXBuildFile; fileRef = 6143F26A2791986B00C1A7C3 /* ViewControllerExtension.swift */; };
		6143F2B02791986C00C1A7C3 /* UIViewExtenstion.swift in Sources */ = {isa = PBXBuildFile; fileRef = 6143F26B2791986B00C1A7C3 /* UIViewExtenstion.swift */; };
		6143F2B12791986C00C1A7C3 /* TextViewExtenstion.swift in Sources */ = {isa = PBXBuildFile; fileRef = 6143F26C2791986B00C1A7C3 /* TextViewExtenstion.swift */; };
		6143F2B22791986C00C1A7C3 /* DeviceModelExtension.swift in Sources */ = {isa = PBXBuildFile; fileRef = 6143F26D2791986B00C1A7C3 /* DeviceModelExtension.swift */; };
		6143F2B32791986C00C1A7C3 /* NotificationsExtenstion.swift in Sources */ = {isa = PBXBuildFile; fileRef = 6143F26E2791986B00C1A7C3 /* NotificationsExtenstion.swift */; };
		6143F2B42791986C00C1A7C3 /* ColorExtension.swift in Sources */ = {isa = PBXBuildFile; fileRef = 6143F26F2791986B00C1A7C3 /* ColorExtension.swift */; };
		6143F2B52791986C00C1A7C3 /* SwitchExtension.swift in Sources */ = {isa = PBXBuildFile; fileRef = 6143F2702791986B00C1A7C3 /* SwitchExtension.swift */; };
		6143F2B62791986C00C1A7C3 /* ButtonExtenstion.swift in Sources */ = {isa = PBXBuildFile; fileRef = 6143F2712791986B00C1A7C3 /* ButtonExtenstion.swift */; };
		6143F2B72791986C00C1A7C3 /* StringExtension.swift in Sources */ = {isa = PBXBuildFile; fileRef = 6143F2722791986B00C1A7C3 /* StringExtension.swift */; };
		6143F2B82791986C00C1A7C3 /* LabelExtension.swift in Sources */ = {isa = PBXBuildFile; fileRef = 6143F2732791986C00C1A7C3 /* LabelExtension.swift */; };
		6143F2B92791986C00C1A7C3 /* ImageViewExtenstion.swift in Sources */ = {isa = PBXBuildFile; fileRef = 6143F2742791986C00C1A7C3 /* ImageViewExtenstion.swift */; };
		6143F2BA2791986C00C1A7C3 /* CustomePopMessages.swift in Sources */ = {isa = PBXBuildFile; fileRef = 6143F2752791986C00C1A7C3 /* CustomePopMessages.swift */; };
		6143F2BB2791986C00C1A7C3 /* SessionManager.swift in Sources */ = {isa = PBXBuildFile; fileRef = 6143F2762791986C00C1A7C3 /* SessionManager.swift */; };
		6143F2BC2791986C00C1A7C3 /* TextFields.swift in Sources */ = {isa = PBXBuildFile; fileRef = 6143F2792791986C00C1A7C3 /* TextFields.swift */; };
		6143F2BD2791986C00C1A7C3 /* Labels.swift in Sources */ = {isa = PBXBuildFile; fileRef = 6143F27A2791986C00C1A7C3 /* Labels.swift */; };
		6143F2BE2791986C00C1A7C3 /* Typography.swift in Sources */ = {isa = PBXBuildFile; fileRef = 6143F27C2791986C00C1A7C3 /* Typography.swift */; };
		6143F2BF2791986C00C1A7C3 /* CurrentTheme.swift in Sources */ = {isa = PBXBuildFile; fileRef = 6143F27E2791986C00C1A7C3 /* CurrentTheme.swift */; };
		6143F2C02791986C00C1A7C3 /* DefaultTheme.swift in Sources */ = {isa = PBXBuildFile; fileRef = 6143F27F2791986C00C1A7C3 /* DefaultTheme.swift */; };
		6143F2C12791986C00C1A7C3 /* ThemeProtocol.swift in Sources */ = {isa = PBXBuildFile; fileRef = 6143F2802791986C00C1A7C3 /* ThemeProtocol.swift */; };
		6143F2C22791986C00C1A7C3 /* LeimoValidator.swift in Sources */ = {isa = PBXBuildFile; fileRef = 6143F2822791986C00C1A7C3 /* LeimoValidator.swift */; };
		6143F2C82791A16D00C1A7C3 /* HomeViewController.swift in Sources */ = {isa = PBXBuildFile; fileRef = 6143F2C72791A16D00C1A7C3 /* HomeViewController.swift */; };
		6143F2CA2791A1AB00C1A7C3 /* SearchViewController.swift in Sources */ = {isa = PBXBuildFile; fileRef = 6143F2C92791A1AB00C1A7C3 /* SearchViewController.swift */; };
		6143F2CC2791A1C700C1A7C3 /* NotificationViewController.swift in Sources */ = {isa = PBXBuildFile; fileRef = 6143F2CB2791A1C700C1A7C3 /* NotificationViewController.swift */; };
		6143F2CE2791A1DA00C1A7C3 /* MessageViewController.swift in Sources */ = {isa = PBXBuildFile; fileRef = 6143F2CD2791A1DA00C1A7C3 /* MessageViewController.swift */; };
		6143F2D52791AD0A00C1A7C3 /* HomeCollectionViewCell.swift in Sources */ = {isa = PBXBuildFile; fileRef = 6143F2D32791AD0A00C1A7C3 /* HomeCollectionViewCell.swift */; };
		6143F2D62791AD0A00C1A7C3 /* HomeCollectionViewCell.xib in Resources */ = {isa = PBXBuildFile; fileRef = 6143F2D42791AD0A00C1A7C3 /* HomeCollectionViewCell.xib */; };
		6143F2D82791BDA200C1A7C3 /* StoryM.swift in Sources */ = {isa = PBXBuildFile; fileRef = 6143F2D72791BDA200C1A7C3 /* StoryM.swift */; };
		61882A442792E2B300B85944 /* HomeTableViewCell.swift in Sources */ = {isa = PBXBuildFile; fileRef = 61882A422792E2B300B85944 /* HomeTableViewCell.swift */; };
		61882A452792E2B300B85944 /* HomeTableViewCell.xib in Resources */ = {isa = PBXBuildFile; fileRef = 61882A432792E2B300B85944 /* HomeTableViewCell.xib */; };
		61A97929279221FC008AC3E1 /* CustomStoryViewCell.swift in Sources */ = {isa = PBXBuildFile; fileRef = 61A97927279221FC008AC3E1 /* CustomStoryViewCell.swift */; };
		61A9792A279221FC008AC3E1 /* CustomStoryViewCell.xib in Resources */ = {isa = PBXBuildFile; fileRef = 61A97928279221FC008AC3E1 /* CustomStoryViewCell.xib */; };
		97FE384327932E68006714BF /* PostViewController.swift in Sources */ = {isa = PBXBuildFile; fileRef = 97FE384227932E68006714BF /* PostViewController.swift */; };
		97FE384627933239006714BF /* PostsTableViewCell.swift in Sources */ = {isa = PBXBuildFile; fileRef = 97FE384427933239006714BF /* PostsTableViewCell.swift */; };
		97FE384727933239006714BF /* PostsTableViewCell.xib in Resources */ = {isa = PBXBuildFile; fileRef = 97FE384527933239006714BF /* PostsTableViewCell.xib */; };
		97FE384927933667006714BF /* ChatM.swift in Sources */ = {isa = PBXBuildFile; fileRef = 97FE384827933667006714BF /* ChatM.swift */; };
		97FE384C27933AEC006714BF /* ImagesCollectionViewCell.swift in Sources */ = {isa = PBXBuildFile; fileRef = 97FE384A27933AEC006714BF /* ImagesCollectionViewCell.swift */; };
		97FE384D27933AEC006714BF /* ImagesCollectionViewCell.xib in Resources */ = {isa = PBXBuildFile; fileRef = 97FE384B27933AEC006714BF /* ImagesCollectionViewCell.xib */; };
/* End PBXBuildFile section */

/* Begin PBXFileReference section */
		5A9AACCE9DFA020ECE911614 /* Pods_TestCarGo.framework */ = {isa = PBXFileReference; explicitFileType = wrapper.framework; includeInIndex = 0; path = Pods_TestCarGo.framework; sourceTree = BUILT_PRODUCTS_DIR; };
		612B7FFD2792FB8300043F02 /* PostsM.swift */ = {isa = PBXFileReference; lastKnownFileType = sourcecode.swift; path = PostsM.swift; sourceTree = "<group>"; };
		6143F21D2791921800C1A7C3 /* TestCarGo.app */ = {isa = PBXFileReference; explicitFileType = wrapper.application; includeInIndex = 0; path = TestCarGo.app; sourceTree = BUILT_PRODUCTS_DIR; };
		6143F2202791921800C1A7C3 /* AppDelegate.swift */ = {isa = PBXFileReference; lastKnownFileType = sourcecode.swift; path = AppDelegate.swift; sourceTree = "<group>"; };
		6143F2222791921800C1A7C3 /* SceneDelegate.swift */ = {isa = PBXFileReference; lastKnownFileType = sourcecode.swift; path = SceneDelegate.swift; sourceTree = "<group>"; };
		6143F2272791921800C1A7C3 /* Base */ = {isa = PBXFileReference; lastKnownFileType = file.storyboard; name = Base; path = Base.lproj/Main.storyboard; sourceTree = "<group>"; };
		6143F2292791921C00C1A7C3 /* Assets.xcassets */ = {isa = PBXFileReference; lastKnownFileType = folder.assetcatalog; path = Assets.xcassets; sourceTree = "<group>"; };
		6143F22C2791921C00C1A7C3 /* Base */ = {isa = PBXFileReference; lastKnownFileType = file.storyboard; name = Base; path = Base.lproj/LaunchScreen.storyboard; sourceTree = "<group>"; };
		6143F22E2791921C00C1A7C3 /* Info.plist */ = {isa = PBXFileReference; lastKnownFileType = text.plist.xml; path = Info.plist; sourceTree = "<group>"; };
		6143F2352791986B00C1A7C3 /* LeimoLocalization.swift */ = {isa = PBXFileReference; fileEncoding = 4; lastKnownFileType = sourcecode.swift; path = LeimoLocalization.swift; sourceTree = "<group>"; };
		6143F2372791986B00C1A7C3 /* Reachability.swift */ = {isa = PBXFileReference; fileEncoding = 4; lastKnownFileType = sourcecode.swift; path = Reachability.swift; sourceTree = "<group>"; };
		6143F2382791986B00C1A7C3 /* GlobalVariablesManager.swift */ = {isa = PBXFileReference; fileEncoding = 4; lastKnownFileType = sourcecode.swift; path = GlobalVariablesManager.swift; sourceTree = "<group>"; };
		6143F2412791986B00C1A7C3 /* Designable.swift */ = {isa = PBXFileReference; fileEncoding = 4; lastKnownFileType = sourcecode.swift; path = Designable.swift; sourceTree = "<group>"; };
		6143F25C2791986B00C1A7C3 /* CustomTabViewController.swift */ = {isa = PBXFileReference; fileEncoding = 4; lastKnownFileType = sourcecode.swift; path = CustomTabViewController.swift; sourceTree = "<group>"; };
		6143F25D2791986B00C1A7C3 /* LeimoCustomTabBar.swift */ = {isa = PBXFileReference; fileEncoding = 4; lastKnownFileType = sourcecode.swift; path = LeimoCustomTabBar.swift; sourceTree = "<group>"; };
		6143F25E2791986B00C1A7C3 /* STTabbar.swift */ = {isa = PBXFileReference; fileEncoding = 4; lastKnownFileType = sourcecode.swift; path = STTabbar.swift; sourceTree = "<group>"; };
		6143F2642791986B00C1A7C3 /* LeimoNavigationInViewControllerExtenstion.swift */ = {isa = PBXFileReference; fileEncoding = 4; lastKnownFileType = sourcecode.swift; path = LeimoNavigationInViewControllerExtenstion.swift; sourceTree = "<group>"; };
		6143F2652791986B00C1A7C3 /* LeimoNavigationBar.swift */ = {isa = PBXFileReference; fileEncoding = 4; lastKnownFileType = sourcecode.swift; path = LeimoNavigationBar.swift; sourceTree = "<group>"; };
		6143F2672791986B00C1A7C3 /* TextFiledExtension.swift */ = {isa = PBXFileReference; fileEncoding = 4; lastKnownFileType = sourcecode.swift; path = TextFiledExtension.swift; sourceTree = "<group>"; };
		6143F2682791986B00C1A7C3 /* DoubleExtenstion.swift */ = {isa = PBXFileReference; fileEncoding = 4; lastKnownFileType = sourcecode.swift; path = DoubleExtenstion.swift; sourceTree = "<group>"; };
		6143F2692791986B00C1A7C3 /* LiemoExtensions.swift */ = {isa = PBXFileReference; fileEncoding = 4; lastKnownFileType = sourcecode.swift; path = LiemoExtensions.swift; sourceTree = "<group>"; };
		6143F26A2791986B00C1A7C3 /* ViewControllerExtension.swift */ = {isa = PBXFileReference; fileEncoding = 4; lastKnownFileType = sourcecode.swift; path = ViewControllerExtension.swift; sourceTree = "<group>"; };
		6143F26B2791986B00C1A7C3 /* UIViewExtenstion.swift */ = {isa = PBXFileReference; fileEncoding = 4; lastKnownFileType = sourcecode.swift; path = UIViewExtenstion.swift; sourceTree = "<group>"; };
		6143F26C2791986B00C1A7C3 /* TextViewExtenstion.swift */ = {isa = PBXFileReference; fileEncoding = 4; lastKnownFileType = sourcecode.swift; path = TextViewExtenstion.swift; sourceTree = "<group>"; };
		6143F26D2791986B00C1A7C3 /* DeviceModelExtension.swift */ = {isa = PBXFileReference; fileEncoding = 4; lastKnownFileType = sourcecode.swift; path = DeviceModelExtension.swift; sourceTree = "<group>"; };
		6143F26E2791986B00C1A7C3 /* NotificationsExtenstion.swift */ = {isa = PBXFileReference; fileEncoding = 4; lastKnownFileType = sourcecode.swift; path = NotificationsExtenstion.swift; sourceTree = "<group>"; };
		6143F26F2791986B00C1A7C3 /* ColorExtension.swift */ = {isa = PBXFileReference; fileEncoding = 4; lastKnownFileType = sourcecode.swift; path = ColorExtension.swift; sourceTree = "<group>"; };
		6143F2702791986B00C1A7C3 /* SwitchExtension.swift */ = {isa = PBXFileReference; fileEncoding = 4; lastKnownFileType = sourcecode.swift; path = SwitchExtension.swift; sourceTree = "<group>"; };
		6143F2712791986B00C1A7C3 /* ButtonExtenstion.swift */ = {isa = PBXFileReference; fileEncoding = 4; lastKnownFileType = sourcecode.swift; path = ButtonExtenstion.swift; sourceTree = "<group>"; };
		6143F2722791986B00C1A7C3 /* StringExtension.swift */ = {isa = PBXFileReference; fileEncoding = 4; lastKnownFileType = sourcecode.swift; path = StringExtension.swift; sourceTree = "<group>"; };
		6143F2732791986C00C1A7C3 /* LabelExtension.swift */ = {isa = PBXFileReference; fileEncoding = 4; lastKnownFileType = sourcecode.swift; path = LabelExtension.swift; sourceTree = "<group>"; };
		6143F2742791986C00C1A7C3 /* ImageViewExtenstion.swift */ = {isa = PBXFileReference; fileEncoding = 4; lastKnownFileType = sourcecode.swift; path = ImageViewExtenstion.swift; sourceTree = "<group>"; };
		6143F2752791986C00C1A7C3 /* CustomePopMessages.swift */ = {isa = PBXFileReference; fileEncoding = 4; lastKnownFileType = sourcecode.swift; path = CustomePopMessages.swift; sourceTree = "<group>"; };
		6143F2762791986C00C1A7C3 /* SessionManager.swift */ = {isa = PBXFileReference; fileEncoding = 4; lastKnownFileType = sourcecode.swift; path = SessionManager.swift; sourceTree = "<group>"; };
		6143F2792791986C00C1A7C3 /* TextFields.swift */ = {isa = PBXFileReference; fileEncoding = 4; lastKnownFileType = sourcecode.swift; path = TextFields.swift; sourceTree = "<group>"; };
		6143F27A2791986C00C1A7C3 /* Labels.swift */ = {isa = PBXFileReference; fileEncoding = 4; lastKnownFileType = sourcecode.swift; path = Labels.swift; sourceTree = "<group>"; };
		6143F27C2791986C00C1A7C3 /* Typography.swift */ = {isa = PBXFileReference; fileEncoding = 4; lastKnownFileType = sourcecode.swift; path = Typography.swift; sourceTree = "<group>"; };
		6143F27E2791986C00C1A7C3 /* CurrentTheme.swift */ = {isa = PBXFileReference; fileEncoding = 4; lastKnownFileType = sourcecode.swift; path = CurrentTheme.swift; sourceTree = "<group>"; };
		6143F27F2791986C00C1A7C3 /* DefaultTheme.swift */ = {isa = PBXFileReference; fileEncoding = 4; lastKnownFileType = sourcecode.swift; path = DefaultTheme.swift; sourceTree = "<group>"; };
		6143F2802791986C00C1A7C3 /* ThemeProtocol.swift */ = {isa = PBXFileReference; fileEncoding = 4; lastKnownFileType = sourcecode.swift; path = ThemeProtocol.swift; sourceTree = "<group>"; };
		6143F2822791986C00C1A7C3 /* LeimoValidator.swift */ = {isa = PBXFileReference; fileEncoding = 4; lastKnownFileType = sourcecode.swift; path = LeimoValidator.swift; sourceTree = "<group>"; };
		6143F2C72791A16D00C1A7C3 /* HomeViewController.swift */ = {isa = PBXFileReference; lastKnownFileType = sourcecode.swift; path = HomeViewController.swift; sourceTree = "<group>"; };
		6143F2C92791A1AB00C1A7C3 /* SearchViewController.swift */ = {isa = PBXFileReference; lastKnownFileType = sourcecode.swift; path = SearchViewController.swift; sourceTree = "<group>"; };
		6143F2CB2791A1C700C1A7C3 /* NotificationViewController.swift */ = {isa = PBXFileReference; lastKnownFileType = sourcecode.swift; path = NotificationViewController.swift; sourceTree = "<group>"; };
		6143F2CD2791A1DA00C1A7C3 /* MessageViewController.swift */ = {isa = PBXFileReference; lastKnownFileType = sourcecode.swift; path = MessageViewController.swift; sourceTree = "<group>"; };
		6143F2D32791AD0A00C1A7C3 /* HomeCollectionViewCell.swift */ = {isa = PBXFileReference; lastKnownFileType = sourcecode.swift; path = HomeCollectionViewCell.swift; sourceTree = "<group>"; };
		6143F2D42791AD0A00C1A7C3 /* HomeCollectionViewCell.xib */ = {isa = PBXFileReference; lastKnownFileType = file.xib; path = HomeCollectionViewCell.xib; sourceTree = "<group>"; };
		6143F2D72791BDA200C1A7C3 /* StoryM.swift */ = {isa = PBXFileReference; lastKnownFileType = sourcecode.swift; path = StoryM.swift; sourceTree = "<group>"; };
		61882A422792E2B300B85944 /* HomeTableViewCell.swift */ = {isa = PBXFileReference; lastKnownFileType = sourcecode.swift; path = HomeTableViewCell.swift; sourceTree = "<group>"; };
		61882A432792E2B300B85944 /* HomeTableViewCell.xib */ = {isa = PBXFileReference; lastKnownFileType = file.xib; path = HomeTableViewCell.xib; sourceTree = "<group>"; };
		61A97927279221FC008AC3E1 /* CustomStoryViewCell.swift */ = {isa = PBXFileReference; lastKnownFileType = sourcecode.swift; path = CustomStoryViewCell.swift; sourceTree = "<group>"; };
		61A97928279221FC008AC3E1 /* CustomStoryViewCell.xib */ = {isa = PBXFileReference; lastKnownFileType = file.xib; path = CustomStoryViewCell.xib; sourceTree = "<group>"; };
		6C229F6070E041FCF6C36A14 /* Pods-TestCarGo.release.xcconfig */ = {isa = PBXFileReference; includeInIndex = 1; lastKnownFileType = text.xcconfig; name = "Pods-TestCarGo.release.xcconfig"; path = "Target Support Files/Pods-TestCarGo/Pods-TestCarGo.release.xcconfig"; sourceTree = "<group>"; };
		9322B8ED9E5B57134C18F557 /* Pods-TestCarGo.debug.xcconfig */ = {isa = PBXFileReference; includeInIndex = 1; lastKnownFileType = text.xcconfig; name = "Pods-TestCarGo.debug.xcconfig"; path = "Target Support Files/Pods-TestCarGo/Pods-TestCarGo.debug.xcconfig"; sourceTree = "<group>"; };
		97FE384227932E68006714BF /* PostViewController.swift */ = {isa = PBXFileReference; lastKnownFileType = sourcecode.swift; path = PostViewController.swift; sourceTree = "<group>"; };
		97FE384427933239006714BF /* PostsTableViewCell.swift */ = {isa = PBXFileReference; lastKnownFileType = sourcecode.swift; path = PostsTableViewCell.swift; sourceTree = "<group>"; };
		97FE384527933239006714BF /* PostsTableViewCell.xib */ = {isa = PBXFileReference; lastKnownFileType = file.xib; path = PostsTableViewCell.xib; sourceTree = "<group>"; };
		97FE384827933667006714BF /* ChatM.swift */ = {isa = PBXFileReference; lastKnownFileType = sourcecode.swift; path = ChatM.swift; sourceTree = "<group>"; };
		97FE384A27933AEC006714BF /* ImagesCollectionViewCell.swift */ = {isa = PBXFileReference; lastKnownFileType = sourcecode.swift; path = ImagesCollectionViewCell.swift; sourceTree = "<group>"; };
		97FE384B27933AEC006714BF /* ImagesCollectionViewCell.xib */ = {isa = PBXFileReference; lastKnownFileType = file.xib; path = ImagesCollectionViewCell.xib; sourceTree = "<group>"; };
/* End PBXFileReference section */

/* Begin PBXFrameworksBuildPhase section */
		6143F21A2791921800C1A7C3 /* Frameworks */ = {
			isa = PBXFrameworksBuildPhase;
			buildActionMask = 2147483647;
			files = (
				587F44B356959D923BB20274 /* Pods_TestCarGo.framework in Frameworks */,
			);
			runOnlyForDeploymentPostprocessing = 0;
		};
/* End PBXFrameworksBuildPhase section */

/* Begin PBXGroup section */
		6143F2142791921800C1A7C3 = {
			isa = PBXGroup;
			children = (
				6143F21F2791921800C1A7C3 /* TestCarGo */,
				6143F21E2791921800C1A7C3 /* Products */,
				8A0EA2E08EEF350338D44C1B /* Pods */,
				6A2205AF65E00623A8C2FCCB /* Frameworks */,
			);
			sourceTree = "<group>";
		};
		6143F21E2791921800C1A7C3 /* Products */ = {
			isa = PBXGroup;
			children = (
				6143F21D2791921800C1A7C3 /* TestCarGo.app */,
			);
			name = Products;
			sourceTree = "<group>";
		};
		6143F21F2791921800C1A7C3 /* TestCarGo */ = {
			isa = PBXGroup;
			children = (
				6143F2202791921800C1A7C3 /* AppDelegate.swift */,
				6143F2222791921800C1A7C3 /* SceneDelegate.swift */,
				6143F2342791986B00C1A7C3 /* Global */,
				6143F2C5279198D900C1A7C3 /* Controller */,
				6143F2C62791990300C1A7C3 /* Model */,
				6143F2C4279198CA00C1A7C3 /* ViewModel */,
				6143F2C3279198C300C1A7C3 /* View */,
				6143F2292791921C00C1A7C3 /* Assets.xcassets */,
				6143F22E2791921C00C1A7C3 /* Info.plist */,
			);
			path = TestCarGo;
			sourceTree = "<group>";
		};
		6143F2342791986B00C1A7C3 /* Global */ = {
			isa = PBXGroup;
			children = (
				6143F2382791986B00C1A7C3 /* GlobalVariablesManager.swift */,
				6143F2352791986B00C1A7C3 /* LeimoLocalization.swift */,
				6143F2412791986B00C1A7C3 /* Designable.swift */,
				6143F2362791986B00C1A7C3 /* Connection */,
				6143F25B2791986B00C1A7C3 /* TabBar */,
				6143F2632791986B00C1A7C3 /* NavigationBar */,
				6143F2662791986B00C1A7C3 /* Leimo Extensions */,
				6143F2762791986C00C1A7C3 /* SessionManager.swift */,
				6143F2772791986C00C1A7C3 /* Fonts */,
				6143F27D2791986C00C1A7C3 /* Themes */,
				6143F2812791986C00C1A7C3 /* validation */,
			);
			path = Global;
			sourceTree = "<group>";
		};
		6143F2362791986B00C1A7C3 /* Connection */ = {
			isa = PBXGroup;
			children = (
				6143F2372791986B00C1A7C3 /* Reachability.swift */,
			);
			path = Connection;
			sourceTree = "<group>";
		};
		6143F25B2791986B00C1A7C3 /* TabBar */ = {
			isa = PBXGroup;
			children = (
				6143F25C2791986B00C1A7C3 /* CustomTabViewController.swift */,
				6143F25D2791986B00C1A7C3 /* LeimoCustomTabBar.swift */,
				6143F25E2791986B00C1A7C3 /* STTabbar.swift */,
			);
			path = TabBar;
			sourceTree = "<group>";
		};
		6143F2632791986B00C1A7C3 /* NavigationBar */ = {
			isa = PBXGroup;
			children = (
				6143F2642791986B00C1A7C3 /* LeimoNavigationInViewControllerExtenstion.swift */,
				6143F2652791986B00C1A7C3 /* LeimoNavigationBar.swift */,
			);
			path = NavigationBar;
			sourceTree = "<group>";
		};
		6143F2662791986B00C1A7C3 /* Leimo Extensions */ = {
			isa = PBXGroup;
			children = (
				6143F2672791986B00C1A7C3 /* TextFiledExtension.swift */,
				6143F2682791986B00C1A7C3 /* DoubleExtenstion.swift */,
				6143F2692791986B00C1A7C3 /* LiemoExtensions.swift */,
				6143F26A2791986B00C1A7C3 /* ViewControllerExtension.swift */,
				6143F26B2791986B00C1A7C3 /* UIViewExtenstion.swift */,
				6143F26C2791986B00C1A7C3 /* TextViewExtenstion.swift */,
				6143F26D2791986B00C1A7C3 /* DeviceModelExtension.swift */,
				6143F26E2791986B00C1A7C3 /* NotificationsExtenstion.swift */,
				6143F26F2791986B00C1A7C3 /* ColorExtension.swift */,
				6143F2702791986B00C1A7C3 /* SwitchExtension.swift */,
				6143F2712791986B00C1A7C3 /* ButtonExtenstion.swift */,
				6143F2722791986B00C1A7C3 /* StringExtension.swift */,
				6143F2732791986C00C1A7C3 /* LabelExtension.swift */,
				6143F2742791986C00C1A7C3 /* ImageViewExtenstion.swift */,
				6143F2752791986C00C1A7C3 /* CustomePopMessages.swift */,
			);
			path = "Leimo Extensions";
			sourceTree = "<group>";
		};
		6143F2772791986C00C1A7C3 /* Fonts */ = {
			isa = PBXGroup;
			children = (
				6143F2782791986C00C1A7C3 /* Controls */,
				6143F27B2791986C00C1A7C3 /* Typography */,
			);
			path = Fonts;
			sourceTree = "<group>";
		};
		6143F2782791986C00C1A7C3 /* Controls */ = {
			isa = PBXGroup;
			children = (
				6143F2792791986C00C1A7C3 /* TextFields.swift */,
				6143F27A2791986C00C1A7C3 /* Labels.swift */,
			);
			path = Controls;
			sourceTree = "<group>";
		};
		6143F27B2791986C00C1A7C3 /* Typography */ = {
			isa = PBXGroup;
			children = (
				6143F27C2791986C00C1A7C3 /* Typography.swift */,
			);
			path = Typography;
			sourceTree = "<group>";
		};
		6143F27D2791986C00C1A7C3 /* Themes */ = {
			isa = PBXGroup;
			children = (
				6143F27E2791986C00C1A7C3 /* CurrentTheme.swift */,
				6143F27F2791986C00C1A7C3 /* DefaultTheme.swift */,
				6143F2802791986C00C1A7C3 /* ThemeProtocol.swift */,
			);
			path = Themes;
			sourceTree = "<group>";
		};
		6143F2812791986C00C1A7C3 /* validation */ = {
			isa = PBXGroup;
			children = (
				6143F2822791986C00C1A7C3 /* LeimoValidator.swift */,
			);
			path = validation;
			sourceTree = "<group>";
		};
		6143F2C3279198C300C1A7C3 /* View */ = {
			isa = PBXGroup;
			children = (
				6143F22B2791921C00C1A7C3 /* LaunchScreen.storyboard */,
				6143F2262791921800C1A7C3 /* Main.storyboard */,
				6143F2D02791ACA000C1A7C3 /* TableCell */,
				6143F2CF2791AC9200C1A7C3 /* CollectionCell */,
			);
			path = View;
			sourceTree = "<group>";
		};
		6143F2C4279198CA00C1A7C3 /* ViewModel */ = {
			isa = PBXGroup;
			children = (
			);
			path = ViewModel;
			sourceTree = "<group>";
		};
		6143F2C5279198D900C1A7C3 /* Controller */ = {
			isa = PBXGroup;
			children = (
				6143F2C72791A16D00C1A7C3 /* HomeViewController.swift */,
				6143F2C92791A1AB00C1A7C3 /* SearchViewController.swift */,
				6143F2CB2791A1C700C1A7C3 /* NotificationViewController.swift */,
				6143F2CD2791A1DA00C1A7C3 /* MessageViewController.swift */,
				97FE384227932E68006714BF /* PostViewController.swift */,
			);
			path = Controller;
			sourceTree = "<group>";
		};
		6143F2C62791990300C1A7C3 /* Model */ = {
			isa = PBXGroup;
			children = (
				6143F2D72791BDA200C1A7C3 /* StoryM.swift */,
				612B7FFD2792FB8300043F02 /* PostsM.swift */,
				97FE384827933667006714BF /* ChatM.swift */,
			);
			path = Model;
			sourceTree = "<group>";
		};
		6143F2CF2791AC9200C1A7C3 /* CollectionCell */ = {
			isa = PBXGroup;
			children = (
				6143F2D32791AD0A00C1A7C3 /* HomeCollectionViewCell.swift */,
				6143F2D42791AD0A00C1A7C3 /* HomeCollectionViewCell.xib */,
				61A97927279221FC008AC3E1 /* CustomStoryViewCell.swift */,
				61A97928279221FC008AC3E1 /* CustomStoryViewCell.xib */,
				97FE384A27933AEC006714BF /* ImagesCollectionViewCell.swift */,
				97FE384B27933AEC006714BF /* ImagesCollectionViewCell.xib */,
			);
			path = CollectionCell;
			sourceTree = "<group>";
		};
		6143F2D02791ACA000C1A7C3 /* TableCell */ = {
			isa = PBXGroup;
			children = (
				61882A422792E2B300B85944 /* HomeTableViewCell.swift */,
				61882A432792E2B300B85944 /* HomeTableViewCell.xib */,
				97FE384427933239006714BF /* PostsTableViewCell.swift */,
				97FE384527933239006714BF /* PostsTableViewCell.xib */,
			);
			path = TableCell;
			sourceTree = "<group>";
		};
		6A2205AF65E00623A8C2FCCB /* Frameworks */ = {
			isa = PBXGroup;
			children = (
				5A9AACCE9DFA020ECE911614 /* Pods_TestCarGo.framework */,
			);
			name = Frameworks;
			sourceTree = "<group>";
		};
		8A0EA2E08EEF350338D44C1B /* Pods */ = {
			isa = PBXGroup;
			children = (
				9322B8ED9E5B57134C18F557 /* Pods-TestCarGo.debug.xcconfig */,
				6C229F6070E041FCF6C36A14 /* Pods-TestCarGo.release.xcconfig */,
			);
			path = Pods;
			sourceTree = "<group>";
		};
/* End PBXGroup section */

/* Begin PBXNativeTarget section */
		6143F21C2791921800C1A7C3 /* TestCarGo */ = {
			isa = PBXNativeTarget;
			buildConfigurationList = 6143F2312791921C00C1A7C3 /* Build configuration list for PBXNativeTarget "TestCarGo" */;
			buildPhases = (
				33EBA29B25641267DB4A75FF /* [CP] Check Pods Manifest.lock */,
				6143F2192791921800C1A7C3 /* Sources */,
				6143F21A2791921800C1A7C3 /* Frameworks */,
				6143F21B2791921800C1A7C3 /* Resources */,
				B3390F4BECFEE5A28B0B2151 /* [CP] Embed Pods Frameworks */,
			);
			buildRules = (
			);
			dependencies = (
			);
			name = TestCarGo;
			productName = TestCarGo;
			productReference = 6143F21D2791921800C1A7C3 /* TestCarGo.app */;
			productType = "com.apple.product-type.application";
		};
/* End PBXNativeTarget section */

/* Begin PBXProject section */
		6143F2152791921800C1A7C3 /* Project object */ = {
			isa = PBXProject;
			attributes = {
				BuildIndependentTargetsInParallel = 1;
				LastSwiftUpdateCheck = 1310;
				LastUpgradeCheck = 1310;
				TargetAttributes = {
					6143F21C2791921800C1A7C3 = {
						CreatedOnToolsVersion = 13.1;
					};
				};
			};
			buildConfigurationList = 6143F2182791921800C1A7C3 /* Build configuration list for PBXProject "TestCarGo" */;
			compatibilityVersion = "Xcode 13.0";
			developmentRegion = en;
			hasScannedForEncodings = 0;
			knownRegions = (
				en,
				Base,
			);
			mainGroup = 6143F2142791921800C1A7C3;
			productRefGroup = 6143F21E2791921800C1A7C3 /* Products */;
			projectDirPath = "";
			projectRoot = "";
			targets = (
				6143F21C2791921800C1A7C3 /* TestCarGo */,
			);
		};
/* End PBXProject section */

/* Begin PBXResourcesBuildPhase section */
		6143F21B2791921800C1A7C3 /* Resources */ = {
			isa = PBXResourcesBuildPhase;
			buildActionMask = 2147483647;
			files = (
				6143F22D2791921C00C1A7C3 /* LaunchScreen.storyboard in Resources */,
				6143F22A2791921C00C1A7C3 /* Assets.xcassets in Resources */,
				97FE384D27933AEC006714BF /* ImagesCollectionViewCell.xib in Resources */,
				6143F2282791921800C1A7C3 /* Main.storyboard in Resources */,
				6143F2D62791AD0A00C1A7C3 /* HomeCollectionViewCell.xib in Resources */,
				61882A452792E2B300B85944 /* HomeTableViewCell.xib in Resources */,
				61A9792A279221FC008AC3E1 /* CustomStoryViewCell.xib in Resources */,
				97FE384727933239006714BF /* PostsTableViewCell.xib in Resources */,
			);
			runOnlyForDeploymentPostprocessing = 0;
		};
/* End PBXResourcesBuildPhase section */

/* Begin PBXShellScriptBuildPhase section */
		33EBA29B25641267DB4A75FF /* [CP] Check Pods Manifest.lock */ = {
			isa = PBXShellScriptBuildPhase;
			buildActionMask = 2147483647;
			files = (
			);
			inputFileListPaths = (
			);
			inputPaths = (
				"${PODS_PODFILE_DIR_PATH}/Podfile.lock",
				"${PODS_ROOT}/Manifest.lock",
			);
			name = "[CP] Check Pods Manifest.lock";
			outputFileListPaths = (
			);
			outputPaths = (
				"$(DERIVED_FILE_DIR)/Pods-TestCarGo-checkManifestLockResult.txt",
			);
			runOnlyForDeploymentPostprocessing = 0;
			shellPath = /bin/sh;
			shellScript = "diff \"${PODS_PODFILE_DIR_PATH}/Podfile.lock\" \"${PODS_ROOT}/Manifest.lock\" > /dev/null\nif [ $? != 0 ] ; then\n    # print error to STDERR\n    echo \"error: The sandbox is not in sync with the Podfile.lock. Run 'pod install' or update your CocoaPods installation.\" >&2\n    exit 1\nfi\n# This output is used by Xcode 'outputs' to avoid re-running this script phase.\necho \"SUCCESS\" > \"${SCRIPT_OUTPUT_FILE_0}\"\n";
			showEnvVarsInLog = 0;
		};
		B3390F4BECFEE5A28B0B2151 /* [CP] Embed Pods Frameworks */ = {
			isa = PBXShellScriptBuildPhase;
			buildActionMask = 2147483647;
			files = (
			);
			inputFileListPaths = (
				"${PODS_ROOT}/Target Support Files/Pods-TestCarGo/Pods-TestCarGo-frameworks-${CONFIGURATION}-input-files.xcfilelist",
			);
			name = "[CP] Embed Pods Frameworks";
			outputFileListPaths = (
				"${PODS_ROOT}/Target Support Files/Pods-TestCarGo/Pods-TestCarGo-frameworks-${CONFIGURATION}-output-files.xcfilelist",
			);
			runOnlyForDeploymentPostprocessing = 0;
			shellPath = /bin/sh;
			shellScript = "\"${PODS_ROOT}/Target Support Files/Pods-TestCarGo/Pods-TestCarGo-frameworks.sh\"\n";
			showEnvVarsInLog = 0;
		};
/* End PBXShellScriptBuildPhase section */

/* Begin PBXSourcesBuildPhase section */
		6143F2192791921800C1A7C3 /* Sources */ = {
			isa = PBXSourcesBuildPhase;
			buildActionMask = 2147483647;
			files = (
				6143F2BF2791986C00C1A7C3 /* CurrentTheme.swift in Sources */,
				6143F2BB2791986C00C1A7C3 /* SessionManager.swift in Sources */,
				6143F28D2791986C00C1A7C3 /* Designable.swift in Sources */,
				6143F2B02791986C00C1A7C3 /* UIViewExtenstion.swift in Sources */,
				6143F2AC2791986C00C1A7C3 /* TextFiledExtension.swift in Sources */,
				6143F2D82791BDA200C1A7C3 /* StoryM.swift in Sources */,
				6143F2D52791AD0A00C1A7C3 /* HomeCollectionViewCell.swift in Sources */,
				6143F2AA2791986C00C1A7C3 /* LeimoNavigationInViewControllerExtenstion.swift in Sources */,
				6143F2B62791986C00C1A7C3 /* ButtonExtenstion.swift in Sources */,
				6143F2C22791986C00C1A7C3 /* LeimoValidator.swift in Sources */,
				6143F2A42791986C00C1A7C3 /* CustomTabViewController.swift in Sources */,
				6143F2B52791986C00C1A7C3 /* SwitchExtension.swift in Sources */,
				6143F2C12791986C00C1A7C3 /* ThemeProtocol.swift in Sources */,
				97FE384C27933AEC006714BF /* ImagesCollectionViewCell.swift in Sources */,
				6143F2BD2791986C00C1A7C3 /* Labels.swift in Sources */,
				6143F2832791986C00C1A7C3 /* LeimoLocalization.swift in Sources */,
				6143F2AF2791986C00C1A7C3 /* ViewControllerExtension.swift in Sources */,
				6143F2CE2791A1DA00C1A7C3 /* MessageViewController.swift in Sources */,
				6143F2B82791986C00C1A7C3 /* LabelExtension.swift in Sources */,
				6143F2A52791986C00C1A7C3 /* LeimoCustomTabBar.swift in Sources */,
				97FE384927933667006714BF /* ChatM.swift in Sources */,
				6143F2BA2791986C00C1A7C3 /* CustomePopMessages.swift in Sources */,
				6143F2852791986C00C1A7C3 /* GlobalVariablesManager.swift in Sources */,
				6143F2C02791986C00C1A7C3 /* DefaultTheme.swift in Sources */,
				6143F2BC2791986C00C1A7C3 /* TextFields.swift in Sources */,
				6143F2AE2791986C00C1A7C3 /* LiemoExtensions.swift in Sources */,
				612B7FFE2792FB8300043F02 /* PostsM.swift in Sources */,
				6143F2CC2791A1C700C1A7C3 /* NotificationViewController.swift in Sources */,
				6143F2AB2791986C00C1A7C3 /* LeimoNavigationBar.swift in Sources */,
				6143F2C82791A16D00C1A7C3 /* HomeViewController.swift in Sources */,
				6143F2212791921800C1A7C3 /* AppDelegate.swift in Sources */,
				6143F2B72791986C00C1A7C3 /* StringExtension.swift in Sources */,
				6143F2B32791986C00C1A7C3 /* NotificationsExtenstion.swift in Sources */,
				61882A442792E2B300B85944 /* HomeTableViewCell.swift in Sources */,
				97FE384327932E68006714BF /* PostViewController.swift in Sources */,
				6143F2842791986C00C1A7C3 /* Reachability.swift in Sources */,
				6143F2232791921800C1A7C3 /* SceneDelegate.swift in Sources */,
				6143F2A62791986C00C1A7C3 /* STTabbar.swift in Sources */,
				61A97929279221FC008AC3E1 /* CustomStoryViewCell.swift in Sources */,
				6143F2AD2791986C00C1A7C3 /* DoubleExtenstion.swift in Sources */,
				6143F2CA2791A1AB00C1A7C3 /* SearchViewController.swift in Sources */,
				6143F2B92791986C00C1A7C3 /* ImageViewExtenstion.swift in Sources */,
				6143F2BE2791986C00C1A7C3 /* Typography.swift in Sources */,
				6143F2B12791986C00C1A7C3 /* TextViewExtenstion.swift in Sources */,
				97FE384627933239006714BF /* PostsTableViewCell.swift in Sources */,
				6143F2B22791986C00C1A7C3 /* DeviceModelExtension.swift in Sources */,
				6143F2B42791986C00C1A7C3 /* ColorExtension.swift in Sources */,
			);
			runOnlyForDeploymentPostprocessing = 0;
		};
/* End PBXSourcesBuildPhase section */

/* Begin PBXVariantGroup section */
		6143F2262791921800C1A7C3 /* Main.storyboard */ = {
			isa = PBXVariantGroup;
			children = (
				6143F2272791921800C1A7C3 /* Base */,
			);
			name = Main.storyboard;
			sourceTree = "<group>";
		};
		6143F22B2791921C00C1A7C3 /* LaunchScreen.storyboard */ = {
			isa = PBXVariantGroup;
			children = (
				6143F22C2791921C00C1A7C3 /* Base */,
			);
			name = LaunchScreen.storyboard;
			sourceTree = "<group>";
		};
/* End PBXVariantGroup section */

/* Begin XCBuildConfiguration section */
		6143F22F2791921C00C1A7C3 /* Debug */ = {
			isa = XCBuildConfiguration;
			buildSettings = {
				ALWAYS_SEARCH_USER_PATHS = NO;
				CLANG_ANALYZER_NONNULL = YES;
				CLANG_ANALYZER_NUMBER_OBJECT_CONVERSION = YES_AGGRESSIVE;
				CLANG_CXX_LANGUAGE_STANDARD = "gnu++17";
				CLANG_CXX_LIBRARY = "libc++";
				CLANG_ENABLE_MODULES = YES;
				CLANG_ENABLE_OBJC_ARC = YES;
				CLANG_ENABLE_OBJC_WEAK = YES;
				CLANG_WARN_BLOCK_CAPTURE_AUTORELEASING = YES;
				CLANG_WARN_BOOL_CONVERSION = YES;
				CLANG_WARN_COMMA = YES;
				CLANG_WARN_CONSTANT_CONVERSION = YES;
				CLANG_WARN_DEPRECATED_OBJC_IMPLEMENTATIONS = YES;
				CLANG_WARN_DIRECT_OBJC_ISA_USAGE = YES_ERROR;
				CLANG_WARN_DOCUMENTATION_COMMENTS = YES;
				CLANG_WARN_EMPTY_BODY = YES;
				CLANG_WARN_ENUM_CONVERSION = YES;
				CLANG_WARN_INFINITE_RECURSION = YES;
				CLANG_WARN_INT_CONVERSION = YES;
				CLANG_WARN_NON_LITERAL_NULL_CONVERSION = YES;
				CLANG_WARN_OBJC_IMPLICIT_RETAIN_SELF = YES;
				CLANG_WARN_OBJC_LITERAL_CONVERSION = YES;
				CLANG_WARN_OBJC_ROOT_CLASS = YES_ERROR;
				CLANG_WARN_QUOTED_INCLUDE_IN_FRAMEWORK_HEADER = YES;
				CLANG_WARN_RANGE_LOOP_ANALYSIS = YES;
				CLANG_WARN_STRICT_PROTOTYPES = YES;
				CLANG_WARN_SUSPICIOUS_MOVE = YES;
				CLANG_WARN_UNGUARDED_AVAILABILITY = YES_AGGRESSIVE;
				CLANG_WARN_UNREACHABLE_CODE = YES;
				CLANG_WARN__DUPLICATE_METHOD_MATCH = YES;
				COPY_PHASE_STRIP = NO;
				DEBUG_INFORMATION_FORMAT = dwarf;
				ENABLE_STRICT_OBJC_MSGSEND = YES;
				ENABLE_TESTABILITY = YES;
				GCC_C_LANGUAGE_STANDARD = gnu11;
				GCC_DYNAMIC_NO_PIC = NO;
				GCC_NO_COMMON_BLOCKS = YES;
				GCC_OPTIMIZATION_LEVEL = 0;
				GCC_PREPROCESSOR_DEFINITIONS = (
					"DEBUG=1",
					"$(inherited)",
				);
				GCC_WARN_64_TO_32_BIT_CONVERSION = YES;
				GCC_WARN_ABOUT_RETURN_TYPE = YES_ERROR;
				GCC_WARN_UNDECLARED_SELECTOR = YES;
				GCC_WARN_UNINITIALIZED_AUTOS = YES_AGGRESSIVE;
				GCC_WARN_UNUSED_FUNCTION = YES;
				GCC_WARN_UNUSED_VARIABLE = YES;
				IPHONEOS_DEPLOYMENT_TARGET = 15.0;
				MTL_ENABLE_DEBUG_INFO = INCLUDE_SOURCE;
				MTL_FAST_MATH = YES;
				ONLY_ACTIVE_ARCH = YES;
				SDKROOT = iphoneos;
				SWIFT_ACTIVE_COMPILATION_CONDITIONS = DEBUG;
				SWIFT_OPTIMIZATION_LEVEL = "-Onone";
			};
			name = Debug;
		};
		6143F2302791921C00C1A7C3 /* Release */ = {
			isa = XCBuildConfiguration;
			buildSettings = {
				ALWAYS_SEARCH_USER_PATHS = NO;
				CLANG_ANALYZER_NONNULL = YES;
				CLANG_ANALYZER_NUMBER_OBJECT_CONVERSION = YES_AGGRESSIVE;
				CLANG_CXX_LANGUAGE_STANDARD = "gnu++17";
				CLANG_CXX_LIBRARY = "libc++";
				CLANG_ENABLE_MODULES = YES;
				CLANG_ENABLE_OBJC_ARC = YES;
				CLANG_ENABLE_OBJC_WEAK = YES;
				CLANG_WARN_BLOCK_CAPTURE_AUTORELEASING = YES;
				CLANG_WARN_BOOL_CONVERSION = YES;
				CLANG_WARN_COMMA = YES;
				CLANG_WARN_CONSTANT_CONVERSION = YES;
				CLANG_WARN_DEPRECATED_OBJC_IMPLEMENTATIONS = YES;
				CLANG_WARN_DIRECT_OBJC_ISA_USAGE = YES_ERROR;
				CLANG_WARN_DOCUMENTATION_COMMENTS = YES;
				CLANG_WARN_EMPTY_BODY = YES;
				CLANG_WARN_ENUM_CONVERSION = YES;
				CLANG_WARN_INFINITE_RECURSION = YES;
				CLANG_WARN_INT_CONVERSION = YES;
				CLANG_WARN_NON_LITERAL_NULL_CONVERSION = YES;
				CLANG_WARN_OBJC_IMPLICIT_RETAIN_SELF = YES;
				CLANG_WARN_OBJC_LITERAL_CONVERSION = YES;
				CLANG_WARN_OBJC_ROOT_CLASS = YES_ERROR;
				CLANG_WARN_QUOTED_INCLUDE_IN_FRAMEWORK_HEADER = YES;
				CLANG_WARN_RANGE_LOOP_ANALYSIS = YES;
				CLANG_WARN_STRICT_PROTOTYPES = YES;
				CLANG_WARN_SUSPICIOUS_MOVE = YES;
				CLANG_WARN_UNGUARDED_AVAILABILITY = YES_AGGRESSIVE;
				CLANG_WARN_UNREACHABLE_CODE = YES;
				CLANG_WARN__DUPLICATE_METHOD_MATCH = YES;
				COPY_PHASE_STRIP = NO;
				DEBUG_INFORMATION_FORMAT = "dwarf-with-dsym";
				ENABLE_NS_ASSERTIONS = NO;
				ENABLE_STRICT_OBJC_MSGSEND = YES;
				GCC_C_LANGUAGE_STANDARD = gnu11;
				GCC_NO_COMMON_BLOCKS = YES;
				GCC_WARN_64_TO_32_BIT_CONVERSION = YES;
				GCC_WARN_ABOUT_RETURN_TYPE = YES_ERROR;
				GCC_WARN_UNDECLARED_SELECTOR = YES;
				GCC_WARN_UNINITIALIZED_AUTOS = YES_AGGRESSIVE;
				GCC_WARN_UNUSED_FUNCTION = YES;
				GCC_WARN_UNUSED_VARIABLE = YES;
				IPHONEOS_DEPLOYMENT_TARGET = 15.0;
				MTL_ENABLE_DEBUG_INFO = NO;
				MTL_FAST_MATH = YES;
				SDKROOT = iphoneos;
				SWIFT_COMPILATION_MODE = wholemodule;
				SWIFT_OPTIMIZATION_LEVEL = "-O";
				VALIDATE_PRODUCT = YES;
			};
			name = Release;
		};
		6143F2322791921C00C1A7C3 /* Debug */ = {
			isa = XCBuildConfiguration;
			baseConfigurationReference = 9322B8ED9E5B57134C18F557 /* Pods-TestCarGo.debug.xcconfig */;
			buildSettings = {
				ASSETCATALOG_COMPILER_APPICON_NAME = AppIcon;
				ASSETCATALOG_COMPILER_GLOBAL_ACCENT_COLOR_NAME = AccentColor;
				CODE_SIGN_STYLE = Automatic;
				CURRENT_PROJECT_VERSION = 1;
				GENERATE_INFOPLIST_FILE = YES;
				INFOPLIST_FILE = TestCarGo/Info.plist;
				INFOPLIST_KEY_UIApplicationSupportsIndirectInputEvents = YES;
				INFOPLIST_KEY_UILaunchStoryboardName = LaunchScreen;
				INFOPLIST_KEY_UIMainStoryboardFile = Main;
				INFOPLIST_KEY_UISupportedInterfaceOrientations_iPad = "UIInterfaceOrientationPortrait UIInterfaceOrientationPortraitUpsideDown UIInterfaceOrientationLandscapeLeft UIInterfaceOrientationLandscapeRight";
				INFOPLIST_KEY_UISupportedInterfaceOrientations_iPhone = "UIInterfaceOrientationPortrait UIInterfaceOrientationLandscapeLeft UIInterfaceOrientationLandscapeRight";
				LD_RUNPATH_SEARCH_PATHS = (
					"$(inherited)",
					"@executable_path/Frameworks",
				);
				MARKETING_VERSION = 1.0;
				PRODUCT_BUNDLE_IDENTIFIER = com.ALa2.TestCarGo;
				PRODUCT_NAME = "$(TARGET_NAME)";
				SWIFT_EMIT_LOC_STRINGS = YES;
				SWIFT_VERSION = 5.0;
				TARGETED_DEVICE_FAMILY = "1,2";
			};
			name = Debug;
		};
		6143F2332791921C00C1A7C3 /* Release */ = {
			isa = XCBuildConfiguration;
			baseConfigurationReference = 6C229F6070E041FCF6C36A14 /* Pods-TestCarGo.release.xcconfig */;
			buildSettings = {
				ASSETCATALOG_COMPILER_APPICON_NAME = AppIcon;
				ASSETCATALOG_COMPILER_GLOBAL_ACCENT_COLOR_NAME = AccentColor;
				CODE_SIGN_STYLE = Automatic;
				CURRENT_PROJECT_VERSION = 1;
				GENERATE_INFOPLIST_FILE = YES;
				INFOPLIST_FILE = TestCarGo/Info.plist;
				INFOPLIST_KEY_UIApplicationSupportsIndirectInputEvents = YES;
				INFOPLIST_KEY_UILaunchStoryboardName = LaunchScreen;
				INFOPLIST_KEY_UIMainStoryboardFile = Main;
				INFOPLIST_KEY_UISupportedInterfaceOrientations_iPad = "UIInterfaceOrientationPortrait UIInterfaceOrientationPortraitUpsideDown UIInterfaceOrientationLandscapeLeft UIInterfaceOrientationLandscapeRight";
				INFOPLIST_KEY_UISupportedInterfaceOrientations_iPhone = "UIInterfaceOrientationPortrait UIInterfaceOrientationLandscapeLeft UIInterfaceOrientationLandscapeRight";
				LD_RUNPATH_SEARCH_PATHS = (
					"$(inherited)",
					"@executable_path/Frameworks",
				);
				MARKETING_VERSION = 1.0;
				PRODUCT_BUNDLE_IDENTIFIER = com.ALa2.TestCarGo;
				PRODUCT_NAME = "$(TARGET_NAME)";
				SWIFT_EMIT_LOC_STRINGS = YES;
				SWIFT_VERSION = 5.0;
				TARGETED_DEVICE_FAMILY = "1,2";
			};
			name = Release;
		};
/* End XCBuildConfiguration section */

/* Begin XCConfigurationList section */
		6143F2182791921800C1A7C3 /* Build configuration list for PBXProject "TestCarGo" */ = {
			isa = XCConfigurationList;
			buildConfigurations = (
				6143F22F2791921C00C1A7C3 /* Debug */,
				6143F2302791921C00C1A7C3 /* Release */,
			);
			defaultConfigurationIsVisible = 0;
			defaultConfigurationName = Release;
		};
		6143F2312791921C00C1A7C3 /* Build configuration list for PBXNativeTarget "TestCarGo" */ = {
			isa = XCConfigurationList;
			buildConfigurations = (
				6143F2322791921C00C1A7C3 /* Debug */,
				6143F2332791921C00C1A7C3 /* Release */,
			);
			defaultConfigurationIsVisible = 0;
			defaultConfigurationName = Release;
		};
/* End XCConfigurationList section */
	};
	rootObject = 6143F2152791921800C1A7C3 /* Project object */;
}
